// !$*UTF8*$!
{
	archiveVersion = 1;
	classes = {
	};
	objectVersion = 50;
	objects = {

/* Begin PBXBuildFile section */
		2F4BB34023F3209B0098B94C /* AppDelegate.swift in Sources */ = {isa = PBXBuildFile; fileRef = 2F4BB33F23F3209B0098B94C /* AppDelegate.swift */; };
		2F4BB34223F3209B0098B94C /* ViewController.swift in Sources */ = {isa = PBXBuildFile; fileRef = 2F4BB34123F3209B0098B94C /* ViewController.swift */; };
		2F4BB34423F3209E0098B94C /* Assets.xcassets in Resources */ = {isa = PBXBuildFile; fileRef = 2F4BB34323F3209E0098B94C /* Assets.xcassets */; };
		2F4BB34723F3209E0098B94C /* Main.storyboard in Resources */ = {isa = PBXBuildFile; fileRef = 2F4BB34523F3209E0098B94C /* Main.storyboard */; };
		2F4BB35323F3209F0098B94C /* RetirementCalculatorTests.swift in Sources */ = {isa = PBXBuildFile; fileRef = 2F4BB35223F3209F0098B94C /* RetirementCalculatorTests.swift */; };
		2F4BB35E23F3209F0098B94C /* RetirementCalculatorUITests.swift in Sources */ = {isa = PBXBuildFile; fileRef = 2F4BB35D23F3209F0098B94C /* RetirementCalculatorUITests.swift */; };
		7C4F209826C5B1E90010D747 /* Charts.framework in Frameworks */ = {isa = PBXBuildFile; fileRef = 7C4F209526C5B1D00010D747 /* Charts.framework */; };
		7C4F209926C5B1E90010D747 /* Charts.framework in Embed Frameworks */ = {isa = PBXBuildFile; fileRef = 7C4F209526C5B1D00010D747 /* Charts.framework */; settings = {ATTRIBUTES = (CodeSignOnCopy, RemoveHeadersOnCopy, ); }; };
/* End PBXBuildFile section */

/* Begin PBXContainerItemProxy section */
		2F4BB34F23F3209E0098B94C /* PBXContainerItemProxy */ = {
			isa = PBXContainerItemProxy;
			containerPortal = 2F4BB33423F3209B0098B94C /* Project object */;
			proxyType = 1;
			remoteGlobalIDString = 2F4BB33B23F3209B0098B94C;
			remoteInfo = RetirementCalculator;
		};
		2F4BB35A23F3209F0098B94C /* PBXContainerItemProxy */ = {
			isa = PBXContainerItemProxy;
			containerPortal = 2F4BB33423F3209B0098B94C /* Project object */;
			proxyType = 1;
			remoteGlobalIDString = 2F4BB33B23F3209B0098B94C;
			remoteInfo = RetirementCalculator;
		};
		7C4F209426C5B1D00010D747 /* PBXContainerItemProxy */ = {
			isa = PBXContainerItemProxy;
			containerPortal = 7C4F208F26C5B1D00010D747 /* Charts.xcodeproj */;
			proxyType = 2;
			remoteGlobalIDString = 65AD9E95D9ED4DC0BD73A743;
			remoteInfo = Charts;
		};
		7C4F209626C5B1D00010D747 /* PBXContainerItemProxy */ = {
			isa = PBXContainerItemProxy;
			containerPortal = 7C4F208F26C5B1D00010D747 /* Charts.xcodeproj */;
			proxyType = 2;
			remoteGlobalIDString = 1CBBC58C6CE1EBEE9852CE41;
			remoteInfo = ChartsTests;
		};
/* End PBXContainerItemProxy section */

/* Begin PBXCopyFilesBuildPhase section */
		2F0990302406FB6100BB6CB9 /* Embed Frameworks */ = {
			isa = PBXCopyFilesBuildPhase;
			buildActionMask = 2147483647;
			dstPath = "";
			dstSubfolderSpec = 10;
			files = (
				7C4F209926C5B1E90010D747 /* Charts.framework in Embed Frameworks */,
			);
			name = "Embed Frameworks";
			runOnlyForDeploymentPostprocessing = 0;
		};
/* End PBXCopyFilesBuildPhase section */

/* Begin PBXFileReference section */
		2F4BB33C23F3209B0098B94C /* RetirementCalculator.app */ = {isa = PBXFileReference; explicitFileType = wrapper.application; includeInIndex = 0; path = RetirementCalculator.app; sourceTree = BUILT_PRODUCTS_DIR; };
		2F4BB33F23F3209B0098B94C /* AppDelegate.swift */ = {isa = PBXFileReference; lastKnownFileType = sourcecode.swift; path = AppDelegate.swift; sourceTree = "<group>"; };
		2F4BB34123F3209B0098B94C /* ViewController.swift */ = {isa = PBXFileReference; lastKnownFileType = sourcecode.swift; path = ViewController.swift; sourceTree = "<group>"; };
		2F4BB34323F3209E0098B94C /* Assets.xcassets */ = {isa = PBXFileReference; lastKnownFileType = folder.assetcatalog; path = Assets.xcassets; sourceTree = "<group>"; };
		2F4BB34623F3209E0098B94C /* Base */ = {isa = PBXFileReference; lastKnownFileType = file.storyboard; name = Base; path = Base.lproj/Main.storyboard; sourceTree = "<group>"; };
		2F4BB34823F3209E0098B94C /* Info.plist */ = {isa = PBXFileReference; lastKnownFileType = text.plist.xml; path = Info.plist; sourceTree = "<group>"; };
		2F4BB34923F3209E0098B94C /* RetirementCalculator.entitlements */ = {isa = PBXFileReference; lastKnownFileType = text.plist.entitlements; path = RetirementCalculator.entitlements; sourceTree = "<group>"; };
		2F4BB34E23F3209E0098B94C /* RetirementCalculatorTests.xctest */ = {isa = PBXFileReference; explicitFileType = wrapper.cfbundle; includeInIndex = 0; path = RetirementCalculatorTests.xctest; sourceTree = BUILT_PRODUCTS_DIR; };
		2F4BB35223F3209F0098B94C /* RetirementCalculatorTests.swift */ = {isa = PBXFileReference; lastKnownFileType = sourcecode.swift; path = RetirementCalculatorTests.swift; sourceTree = "<group>"; };
		2F4BB35423F3209F0098B94C /* Info.plist */ = {isa = PBXFileReference; lastKnownFileType = text.plist.xml; path = Info.plist; sourceTree = "<group>"; };
		2F4BB35923F3209F0098B94C /* RetirementCalculatorUITests.xctest */ = {isa = PBXFileReference; explicitFileType = wrapper.cfbundle; includeInIndex = 0; path = RetirementCalculatorUITests.xctest; sourceTree = BUILT_PRODUCTS_DIR; };
		2F4BB35D23F3209F0098B94C /* RetirementCalculatorUITests.swift */ = {isa = PBXFileReference; lastKnownFileType = sourcecode.swift; path = RetirementCalculatorUITests.swift; sourceTree = "<group>"; };
		2F4BB35F23F3209F0098B94C /* Info.plist */ = {isa = PBXFileReference; lastKnownFileType = text.plist.xml; path = Info.plist; sourceTree = "<group>"; };
		7C4F208F26C5B1D00010D747 /* Charts.xcodeproj */ = {isa = PBXFileReference; lastKnownFileType = "wrapper.pb-project"; name = Charts.xcodeproj; path = "../../Charts-master/Charts.xcodeproj"; sourceTree = "<group>"; };
/* End PBXFileReference section */

/* Begin PBXFrameworksBuildPhase section */
		2F4BB33923F3209B0098B94C /* Frameworks */ = {
			isa = PBXFrameworksBuildPhase;
			buildActionMask = 2147483647;
			files = (
				7C4F209826C5B1E90010D747 /* Charts.framework in Frameworks */,
			);
			runOnlyForDeploymentPostprocessing = 0;
		};
		2F4BB34B23F3209E0098B94C /* Frameworks */ = {
			isa = PBXFrameworksBuildPhase;
			buildActionMask = 2147483647;
			files = (
			);
			runOnlyForDeploymentPostprocessing = 0;
		};
		2F4BB35623F3209F0098B94C /* Frameworks */ = {
			isa = PBXFrameworksBuildPhase;
			buildActionMask = 2147483647;
			files = (
			);
			runOnlyForDeploymentPostprocessing = 0;
		};
/* End PBXFrameworksBuildPhase section */

/* Begin PBXGroup section */
		2F09902D2406FB6100BB6CB9 /* Frameworks */ = {
			isa = PBXGroup;
			children = (
			);
			name = Frameworks;
			sourceTree = "<group>";
		};
		2F4BB33323F3209B0098B94C = {
			isa = PBXGroup;
			children = (
				7C4F208F26C5B1D00010D747 /* Charts.xcodeproj */,
				2F4BB33E23F3209B0098B94C /* RetirementCalculator */,
				2F4BB35123F3209F0098B94C /* RetirementCalculatorTests */,
				2F4BB35C23F3209F0098B94C /* RetirementCalculatorUITests */,
				2F4BB33D23F3209B0098B94C /* Products */,
				2F09902D2406FB6100BB6CB9 /* Frameworks */,
			);
			sourceTree = "<group>";
		};
		2F4BB33D23F3209B0098B94C /* Products */ = {
			isa = PBXGroup;
			children = (
				2F4BB33C23F3209B0098B94C /* RetirementCalculator.app */,
				2F4BB34E23F3209E0098B94C /* RetirementCalculatorTests.xctest */,
				2F4BB35923F3209F0098B94C /* RetirementCalculatorUITests.xctest */,
			);
			name = Products;
			sourceTree = "<group>";
		};
		2F4BB33E23F3209B0098B94C /* RetirementCalculator */ = {
			isa = PBXGroup;
			children = (
				2F4BB33F23F3209B0098B94C /* AppDelegate.swift */,
				2F4BB34123F3209B0098B94C /* ViewController.swift */,
				2F4BB34323F3209E0098B94C /* Assets.xcassets */,
				2F4BB34523F3209E0098B94C /* Main.storyboard */,
				2F4BB34823F3209E0098B94C /* Info.plist */,
				2F4BB34923F3209E0098B94C /* RetirementCalculator.entitlements */,
			);
			path = RetirementCalculator;
			sourceTree = "<group>";
		};
		2F4BB35123F3209F0098B94C /* RetirementCalculatorTests */ = {
			isa = PBXGroup;
			children = (
				2F4BB35223F3209F0098B94C /* RetirementCalculatorTests.swift */,
				2F4BB35423F3209F0098B94C /* Info.plist */,
			);
			path = RetirementCalculatorTests;
			sourceTree = "<group>";
		};
		2F4BB35C23F3209F0098B94C /* RetirementCalculatorUITests */ = {
			isa = PBXGroup;
			children = (
				2F4BB35D23F3209F0098B94C /* RetirementCalculatorUITests.swift */,
				2F4BB35F23F3209F0098B94C /* Info.plist */,
			);
			path = RetirementCalculatorUITests;
			sourceTree = "<group>";
		};
		7C4F209026C5B1D00010D747 /* Products */ = {
			isa = PBXGroup;
			children = (
				7C4F209526C5B1D00010D747 /* Charts.framework */,
				7C4F209726C5B1D00010D747 /* ChartsTests.xctest */,
			);
			name = Products;
			sourceTree = "<group>";
		};
/* End PBXGroup section */

/* Begin PBXNativeTarget section */
		2F4BB33B23F3209B0098B94C /* RetirementCalculator */ = {
			isa = PBXNativeTarget;
			buildConfigurationList = 2F4BB36223F3209F0098B94C /* Build configuration list for PBXNativeTarget "RetirementCalculator" */;
			buildPhases = (
				2F4BB33823F3209B0098B94C /* Sources */,
				2F4BB33923F3209B0098B94C /* Frameworks */,
				2F4BB33A23F3209B0098B94C /* Resources */,
				2F0990302406FB6100BB6CB9 /* Embed Frameworks */,
			);
			buildRules = (
			);
			dependencies = (
			);
			name = RetirementCalculator;
			productName = RetirementCalculator;
			productReference = 2F4BB33C23F3209B0098B94C /* RetirementCalculator.app */;
			productType = "com.apple.product-type.application";
		};
		2F4BB34D23F3209E0098B94C /* RetirementCalculatorTests */ = {
			isa = PBXNativeTarget;
			buildConfigurationList = 2F4BB36523F3209F0098B94C /* Build configuration list for PBXNativeTarget "RetirementCalculatorTests" */;
			buildPhases = (
				2F4BB34A23F3209E0098B94C /* Sources */,
				2F4BB34B23F3209E0098B94C /* Frameworks */,
				2F4BB34C23F3209E0098B94C /* Resources */,
			);
			buildRules = (
			);
			dependencies = (
				2F4BB35023F3209E0098B94C /* PBXTargetDependency */,
			);
			name = RetirementCalculatorTests;
			productName = RetirementCalculatorTests;
			productReference = 2F4BB34E23F3209E0098B94C /* RetirementCalculatorTests.xctest */;
			productType = "com.apple.product-type.bundle.unit-test";
		};
		2F4BB35823F3209F0098B94C /* RetirementCalculatorUITests */ = {
			isa = PBXNativeTarget;
			buildConfigurationList = 2F4BB36823F3209F0098B94C /* Build configuration list for PBXNativeTarget "RetirementCalculatorUITests" */;
			buildPhases = (
				2F4BB35523F3209F0098B94C /* Sources */,
				2F4BB35623F3209F0098B94C /* Frameworks */,
				2F4BB35723F3209F0098B94C /* Resources */,
			);
			buildRules = (
			);
			dependencies = (
				2F4BB35B23F3209F0098B94C /* PBXTargetDependency */,
			);
			name = RetirementCalculatorUITests;
			productName = RetirementCalculatorUITests;
			productReference = 2F4BB35923F3209F0098B94C /* RetirementCalculatorUITests.xctest */;
			productType = "com.apple.product-type.bundle.ui-testing";
		};
/* End PBXNativeTarget section */

/* Begin PBXProject section */
		2F4BB33423F3209B0098B94C /* Project object */ = {
			isa = PBXProject;
			attributes = {
				LastSwiftUpdateCheck = 1130;
				LastUpgradeCheck = 1130;
				ORGANIZATIONNAME = "Pamela Audi";
				TargetAttributes = {
					2F4BB33B23F3209B0098B94C = {
						CreatedOnToolsVersion = 11.3.1;
					};
					2F4BB34D23F3209E0098B94C = {
						CreatedOnToolsVersion = 11.3.1;
						TestTargetID = 2F4BB33B23F3209B0098B94C;
					};
					2F4BB35823F3209F0098B94C = {
						CreatedOnToolsVersion = 11.3.1;
						TestTargetID = 2F4BB33B23F3209B0098B94C;
					};
				};
			};
			buildConfigurationList = 2F4BB33723F3209B0098B94C /* Build configuration list for PBXProject "RetirementCalculator" */;
			compatibilityVersion = "Xcode 9.3";
			developmentRegion = en;
			hasScannedForEncodings = 0;
			knownRegions = (
				en,
				Base,
			);
			mainGroup = 2F4BB33323F3209B0098B94C;
			productRefGroup = 2F4BB33D23F3209B0098B94C /* Products */;
			projectDirPath = "";
			projectReferences = (
				{
					ProductGroup = 7C4F209026C5B1D00010D747 /* Products */;
					ProjectRef = 7C4F208F26C5B1D00010D747 /* Charts.xcodeproj */;
				},
			);
			projectRoot = "";
			targets = (
				2F4BB33B23F3209B0098B94C /* RetirementCalculator */,
				2F4BB34D23F3209E0098B94C /* RetirementCalculatorTests */,
				2F4BB35823F3209F0098B94C /* RetirementCalculatorUITests */,
			);
		};
/* End PBXProject section */

/* Begin PBXReferenceProxy section */
		7C4F209526C5B1D00010D747 /* Charts.framework */ = {
			isa = PBXReferenceProxy;
			fileType = wrapper.framework;
			path = Charts.framework;
			remoteRef = 7C4F209426C5B1D00010D747 /* PBXContainerItemProxy */;
			sourceTree = BUILT_PRODUCTS_DIR;
		};
		7C4F209726C5B1D00010D747 /* ChartsTests.xctest */ = {
			isa = PBXReferenceProxy;
			fileType = wrapper.cfbundle;
			path = ChartsTests.xctest;
			remoteRef = 7C4F209626C5B1D00010D747 /* PBXContainerItemProxy */;
			sourceTree = BUILT_PRODUCTS_DIR;
		};
/* End PBXReferenceProxy section */

/* Begin PBXResourcesBuildPhase section */
		2F4BB33A23F3209B0098B94C /* Resources */ = {
			isa = PBXResourcesBuildPhase;
			buildActionMask = 2147483647;
			files = (
				2F4BB34423F3209E0098B94C /* Assets.xcassets in Resources */,
				2F4BB34723F3209E0098B94C /* Main.storyboard in Resources */,
			);
			runOnlyForDeploymentPostprocessing = 0;
		};
		2F4BB34C23F3209E0098B94C /* Resources */ = {
			isa = PBXResourcesBuildPhase;
			buildActionMask = 2147483647;
			files = (
			);
			runOnlyForDeploymentPostprocessing = 0;
		};
		2F4BB35723F3209F0098B94C /* Resources */ = {
			isa = PBXResourcesBuildPhase;
			buildActionMask = 2147483647;
			files = (
			);
			runOnlyForDeploymentPostprocessing = 0;
		};
/* End PBXResourcesBuildPhase section */

/* Begin PBXSourcesBuildPhase section */
		2F4BB33823F3209B0098B94C /* Sources */ = {
			isa = PBXSourcesBuildPhase;
			buildActionMask = 2147483647;
			files = (
				2F4BB34223F3209B0098B94C /* ViewController.swift in Sources */,
				2F4BB34023F3209B0098B94C /* AppDelegate.swift in Sources */,
			);
			runOnlyForDeploymentPostprocessing = 0;
		};
		2F4BB34A23F3209E0098B94C /* Sources */ = {
			isa = PBXSourcesBuildPhase;
			buildActionMask = 2147483647;
			files = (
				2F4BB35323F3209F0098B94C /* RetirementCalculatorTests.swift in Sources */,
			);
			runOnlyForDeploymentPostprocessing = 0;
		};
		2F4BB35523F3209F0098B94C /* Sources */ = {
			isa = PBXSourcesBuildPhase;
			buildActionMask = 2147483647;
			files = (
				2F4BB35E23F3209F0098B94C /* RetirementCalculatorUITests.swift in Sources */,
			);
			runOnlyForDeploymentPostprocessing = 0;
		};
/* End PBXSourcesBuildPhase section */

/* Begin PBXTargetDependency section */
		2F4BB35023F3209E0098B94C /* PBXTargetDependency */ = {
			isa = PBXTargetDependency;
			target = 2F4BB33B23F3209B0098B94C /* RetirementCalculator */;
			targetProxy = 2F4BB34F23F3209E0098B94C /* PBXContainerItemProxy */;
		};
		2F4BB35B23F3209F0098B94C /* PBXTargetDependency */ = {
			isa = PBXTargetDependency;
			target = 2F4BB33B23F3209B0098B94C /* RetirementCalculator */;
			targetProxy = 2F4BB35A23F3209F0098B94C /* PBXContainerItemProxy */;
		};
/* End PBXTargetDependency section */

/* Begin PBXVariantGroup section */
		2F4BB34523F3209E0098B94C /* Main.storyboard */ = {
			isa = PBXVariantGroup;
			children = (
				2F4BB34623F3209E0098B94C /* Base */,
			);
			name = Main.storyboard;
			sourceTree = "<group>";
		};
/* End PBXVariantGroup section */

/* Begin XCBuildConfiguration section */
		2F4BB36023F3209F0098B94C /* Debug */ = {
			isa = XCBuildConfiguration;
			buildSettings = {
				ALWAYS_SEARCH_USER_PATHS = NO;
				CLANG_ANALYZER_NONNULL = YES;
				CLANG_ANALYZER_NUMBER_OBJECT_CONVERSION = YES_AGGRESSIVE;
				CLANG_CXX_LANGUAGE_STANDARD = "gnu++14";
				CLANG_CXX_LIBRARY = "libc++";
				CLANG_ENABLE_MODULES = YES;
				CLANG_ENABLE_OBJC_ARC = YES;
				CLANG_ENABLE_OBJC_WEAK = YES;
				CLANG_WARN_BLOCK_CAPTURE_AUTORELEASING = YES;
				CLANG_WARN_BOOL_CONVERSION = YES;
				CLANG_WARN_COMMA = YES;
				CLANG_WARN_CONSTANT_CONVERSION = YES;
				CLANG_WARN_DEPRECATED_OBJC_IMPLEMENTATIONS = YES;
				CLANG_WARN_DIRECT_OBJC_ISA_USAGE = YES_ERROR;
				CLANG_WARN_DOCUMENTATION_COMMENTS = YES;
				CLANG_WARN_EMPTY_BODY = YES;
				CLANG_WARN_ENUM_CONVERSION = YES;
				CLANG_WARN_INFINITE_RECURSION = YES;
				CLANG_WARN_INT_CONVERSION = YES;
				CLANG_WARN_NON_LITERAL_NULL_CONVERSION = YES;
				CLANG_WARN_OBJC_IMPLICIT_RETAIN_SELF = YES;
				CLANG_WARN_OBJC_LITERAL_CONVERSION = YES;
				CLANG_WARN_OBJC_ROOT_CLASS = YES_ERROR;
				CLANG_WARN_RANGE_LOOP_ANALYSIS = YES;
				CLANG_WARN_STRICT_PROTOTYPES = YES;
				CLANG_WARN_SUSPICIOUS_MOVE = YES;
				CLANG_WARN_UNGUARDED_AVAILABILITY = YES_AGGRESSIVE;
				CLANG_WARN_UNREACHABLE_CODE = YES;
				CLANG_WARN__DUPLICATE_METHOD_MATCH = YES;
				COPY_PHASE_STRIP = NO;
				DEBUG_INFORMATION_FORMAT = dwarf;
				ENABLE_STRICT_OBJC_MSGSEND = YES;
				ENABLE_TESTABILITY = YES;
				GCC_C_LANGUAGE_STANDARD = gnu11;
				GCC_DYNAMIC_NO_PIC = NO;
				GCC_NO_COMMON_BLOCKS = YES;
				GCC_OPTIMIZATION_LEVEL = 0;
				GCC_PREPROCESSOR_DEFINITIONS = (
					"DEBUG=1",
					"$(inherited)",
				);
				GCC_WARN_64_TO_32_BIT_CONVERSION = YES;
				GCC_WARN_ABOUT_RETURN_TYPE = YES_ERROR;
				GCC_WARN_UNDECLARED_SELECTOR = YES;
				GCC_WARN_UNINITIALIZED_AUTOS = YES_AGGRESSIVE;
				GCC_WARN_UNUSED_FUNCTION = YES;
				GCC_WARN_UNUSED_VARIABLE = YES;
				MACOSX_DEPLOYMENT_TARGET = 10.11;
				MTL_ENABLE_DEBUG_INFO = INCLUDE_SOURCE;
				MTL_FAST_MATH = YES;
				ONLY_ACTIVE_ARCH = YES;
				SDKROOT = macosx;
				SWIFT_ACTIVE_COMPILATION_CONDITIONS = DEBUG;
				SWIFT_OPTIMIZATION_LEVEL = "-Onone";
			};
			name = Debug;
		};
		2F4BB36123F3209F0098B94C /* Release */ = {
			isa = XCBuildConfiguration;
			buildSettings = {
				ALWAYS_SEARCH_USER_PATHS = NO;
				CLANG_ANALYZER_NONNULL = YES;
				CLANG_ANALYZER_NUMBER_OBJECT_CONVERSION = YES_AGGRESSIVE;
				CLANG_CXX_LANGUAGE_STANDARD = "gnu++14";
				CLANG_CXX_LIBRARY = "libc++";
				CLANG_ENABLE_MODULES = YES;
				CLANG_ENABLE_OBJC_ARC = YES;
				CLANG_ENABLE_OBJC_WEAK = YES;
				CLANG_WARN_BLOCK_CAPTURE_AUTORELEASING = YES;
				CLANG_WARN_BOOL_CONVERSION = YES;
				CLANG_WARN_COMMA = YES;
				CLANG_WARN_CONSTANT_CONVERSION = YES;
				CLANG_WARN_DEPRECATED_OBJC_IMPLEMENTATIONS = YES;
				CLANG_WARN_DIRECT_OBJC_ISA_USAGE = YES_ERROR;
				CLANG_WARN_DOCUMENTATION_COMMENTS = YES;
				CLANG_WARN_EMPTY_BODY = YES;
				CLANG_WARN_ENUM_CONVERSION = YES;
				CLANG_WARN_INFINITE_RECURSION = YES;
				CLANG_WARN_INT_CONVERSION = YES;
				CLANG_WARN_NON_LITERAL_NULL_CONVERSION = YES;
				CLANG_WARN_OBJC_IMPLICIT_RETAIN_SELF = YES;
				CLANG_WARN_OBJC_LITERAL_CONVERSION = YES;
				CLANG_WARN_OBJC_ROOT_CLASS = YES_ERROR;
				CLANG_WARN_RANGE_LOOP_ANALYSIS = YES;
				CLANG_WARN_STRICT_PROTOTYPES = YES;
				CLANG_WARN_SUSPICIOUS_MOVE = YES;
				CLANG_WARN_UNGUARDED_AVAILABILITY = YES_AGGRESSIVE;
				CLANG_WARN_UNREACHABLE_CODE = YES;
				CLANG_WARN__DUPLICATE_METHOD_MATCH = YES;
				COPY_PHASE_STRIP = NO;
				DEBUG_INFORMATION_FORMAT = "dwarf-with-dsym";
				ENABLE_NS_ASSERTIONS = NO;
				ENABLE_STRICT_OBJC_MSGSEND = YES;
				GCC_C_LANGUAGE_STANDARD = gnu11;
				GCC_NO_COMMON_BLOCKS = YES;
				GCC_WARN_64_TO_32_BIT_CONVERSION = YES;
				GCC_WARN_ABOUT_RETURN_TYPE = YES_ERROR;
				GCC_WARN_UNDECLARED_SELECTOR = YES;
				GCC_WARN_UNINITIALIZED_AUTOS = YES_AGGRESSIVE;
				GCC_WARN_UNUSED_FUNCTION = YES;
				GCC_WARN_UNUSED_VARIABLE = YES;
				MACOSX_DEPLOYMENT_TARGET = 10.11;
				MTL_ENABLE_DEBUG_INFO = NO;
				MTL_FAST_MATH = YES;
				SDKROOT = macosx;
				SWIFT_COMPILATION_MODE = wholemodule;
				SWIFT_OPTIMIZATION_LEVEL = "-O";
			};
			name = Release;
		};
		2F4BB36323F3209F0098B94C /* Debug */ = {
			isa = XCBuildConfiguration;
			buildSettings = {
				ASSETCATALOG_COMPILER_APPICON_NAME = AppIcon;
				CODE_SIGN_ENTITLEMENTS = RetirementCalculator/RetirementCalculator.entitlements;
				CODE_SIGN_STYLE = Automatic;
				COMBINE_HIDPI_IMAGES = YES;
				INFOPLIST_FILE = RetirementCalculator/Info.plist;
				LD_RUNPATH_SEARCH_PATHS = (
					"$(inherited)",
					"@executable_path/../Frameworks",
				);
				PRODUCT_BUNDLE_IDENTIFIER = MSU.RetirementCalculator;
				PRODUCT_NAME = "$(TARGET_NAME)";
				SWIFT_VERSION = 5.0;
			};
			name = Debug;
		};
		2F4BB36423F3209F0098B94C /* Release */ = {
			isa = XCBuildConfiguration;
			buildSettings = {
				ASSETCATALOG_COMPILER_APPICON_NAME = AppIcon;
				CODE_SIGN_ENTITLEMENTS = RetirementCalculator/RetirementCalculator.entitlements;
				CODE_SIGN_STYLE = Automatic;
				COMBINE_HIDPI_IMAGES = YES;
				INFOPLIST_FILE = RetirementCalculator/Info.plist;
				LD_RUNPATH_SEARCH_PATHS = (
					"$(inherited)",
					"@executable_path/../Frameworks",
				);
				PRODUCT_BUNDLE_IDENTIFIER = MSU.RetirementCalculator;
				PRODUCT_NAME = "$(TARGET_NAME)";
				SWIFT_VERSION = 5.0;
			};
			name = Release;
		};
		2F4BB36623F3209F0098B94C /* Debug */ = {
			isa = XCBuildConfiguration;
			buildSettings = {
				ALWAYS_EMBED_SWIFT_STANDARD_LIBRARIES = YES;
				BUNDLE_LOADER = "$(TEST_HOST)";
				CODE_SIGN_STYLE = Automatic;
				COMBINE_HIDPI_IMAGES = YES;
				INFOPLIST_FILE = RetirementCalculatorTests/Info.plist;
				LD_RUNPATH_SEARCH_PATHS = (
					"$(inherited)",
					"@executable_path/../Frameworks",
					"@loader_path/../Frameworks",
				);
				MACOSX_DEPLOYMENT_TARGET = 10.15;
				PRODUCT_BUNDLE_IDENTIFIER = MSU.RetirementCalculatorTests;
				PRODUCT_NAME = "$(TARGET_NAME)";
				SWIFT_VERSION = 5.0;
				TEST_HOST = "$(BUILT_PRODUCTS_DIR)/RetirementCalculator.app/Contents/MacOS/RetirementCalculator";
			};
			name = Debug;
		};
		2F4BB36723F3209F0098B94C /* Release */ = {
			isa = XCBuildConfiguration;
			buildSettings = {
				ALWAYS_EMBED_SWIFT_STANDARD_LIBRARIES = YES;
				BUNDLE_LOADER = "$(TEST_HOST)";
				CODE_SIGN_STYLE = Automatic;
				COMBINE_HIDPI_IMAGES = YES;
				INFOPLIST_FILE = RetirementCalculatorTests/Info.plist;
				LD_RUNPATH_SEARCH_PATHS = (
					"$(inherited)",
					"@executable_path/../Frameworks",
					"@loader_path/../Frameworks",
				);
				MACOSX_DEPLOYMENT_TARGET = 10.15;
				PRODUCT_BUNDLE_IDENTIFIER = MSU.RetirementCalculatorTests;
				PRODUCT_NAME = "$(TARGET_NAME)";
				SWIFT_VERSION = 5.0;
				TEST_HOST = "$(BUILT_PRODUCTS_DIR)/RetirementCalculator.app/Contents/MacOS/RetirementCalculator";
			};
			name = Release;
		};
		2F4BB36923F3209F0098B94C /* Debug */ = {
			isa = XCBuildConfiguration;
			buildSettings = {
				ALWAYS_EMBED_SWIFT_STANDARD_LIBRARIES = YES;
				CODE_SIGN_STYLE = Automatic;
				COMBINE_HIDPI_IMAGES = YES;
				INFOPLIST_FILE = RetirementCalculatorUITests/Info.plist;
				LD_RUNPATH_SEARCH_PATHS = (
					"$(inherited)",
					"@executable_path/../Frameworks",
					"@loader_path/../Frameworks",
				);
				PRODUCT_BUNDLE_IDENTIFIER = MSU.RetirementCalculatorUITests;
				PRODUCT_NAME = "$(TARGET_NAME)";
				SWIFT_VERSION = 5.0;
				TEST_TARGET_NAME = RetirementCalculator;
			};
			name = Debug;
		};
		2F4BB36A23F3209F0098B94C /* Release */ = {
			isa = XCBuildConfiguration;
			buildSettings = {
				ALWAYS_EMBED_SWIFT_STANDARD_LIBRARIES = YES;
				CODE_SIGN_STYLE = Automatic;
				COMBINE_HIDPI_IMAGES = YES;
				INFOPLIST_FILE = RetirementCalculatorUITests/Info.plist;
				LD_RUNPATH_SEARCH_PATHS = (
					"$(inherited)",
					"@executable_path/../Frameworks",
					"@loader_path/../Frameworks",
				);
				PRODUCT_BUNDLE_IDENTIFIER = MSU.RetirementCalculatorUITests;
				PRODUCT_NAME = "$(TARGET_NAME)";
				SWIFT_VERSION = 5.0;
				TEST_TARGET_NAME = RetirementCalculator;
			};
			name = Release;
		};
/* End XCBuildConfiguration section */

/* Begin XCConfigurationList section */
		2F4BB33723F3209B0098B94C /* Build configuration list for PBXProject "RetirementCalculator" */ = {
			isa = XCConfigurationList;
			buildConfigurations = (
				2F4BB36023F3209F0098B94C /* Debug */,
				2F4BB36123F3209F0098B94C /* Release */,
			);
			defaultConfigurationIsVisible = 0;
			defaultConfigurationName = Release;
		};
		2F4BB36223F3209F0098B94C /* Build configuration list for PBXNativeTarget "RetirementCalculator" */ = {
			isa = XCConfigurationList;
			buildConfigurations = (
				2F4BB36323F3209F0098B94C /* Debug */,
				2F4BB36423F3209F0098B94C /* Release */,
			);
			defaultConfigurationIsVisible = 0;
			defaultConfigurationName = Release;
		};
		2F4BB36523F3209F0098B94C /* Build configuration list for PBXNativeTarget "RetirementCalculatorTests" */ = {
			isa = XCConfigurationList;
			buildConfigurations = (
				2F4BB36623F3209F0098B94C /* Debug */,
				2F4BB36723F3209F0098B94C /* Release */,
			);
			defaultConfigurationIsVisible = 0;
			defaultConfigurationName = Release;
		};
		2F4BB36823F3209F0098B94C /* Build configuration list for PBXNativeTarget "RetirementCalculatorUITests" */ = {
			isa = XCConfigurationList;
			buildConfigurations = (
				2F4BB36923F3209F0098B94C /* Debug */,
				2F4BB36A23F3209F0098B94C /* Release */,
			);
			defaultConfigurationIsVisible = 0;
			defaultConfigurationName = Release;
		};
/* End XCConfigurationList section */
	};
	rootObject = 2F4BB33423F3209B0098B94C /* Project object */;
}
